<?xml version="1.0" encoding="utf-8"?>
<Project ToolsVersion="4.0" xmlns="http://schemas.microsoft.com/developer/msbuild/2003">
  <ItemGroup>
    <Filter Include="源文件">
      <UniqueIdentifier>{4FC737F1-C7A5-4376-A066-2A32D752A2FF}</UniqueIdentifier>
      <Extensions>cpp;c;cc;cxx;def;odl;idl;hpj;bat;asm;asmx</Extensions>
    </Filter>
    <Filter Include="头文件">
      <UniqueIdentifier>{93995380-89BD-4b04-88EB-625FBE52EBFB}</UniqueIdentifier>
      <Extensions>h;hpp;hxx;hm;inl;inc;xsd</Extensions>
    </Filter>
    <Filter Include="资源文件">
      <UniqueIdentifier>{67DA6AB6-F800-4c08-8B7A-83BB121AAD01}</UniqueIdentifier>
      <Extensions>rc;ico;cur;bmp;dlg;rc2;rct;bin;rgs;gif;jpg;jpeg;jpe;resx;tiff;tif;png;wav;mfcribbon-ms</Extensions>
    </Filter>
  </ItemGroup>
  <ItemGroup>
    <None Include="ReadMe.txt" />
    <None Include="res\ShemiXitong.rc2">
      <Filter>资源文件</Filter>
    </None>
    <None Include="res\ShemiXitong.ico">
      <Filter>资源文件</Filter>
    </None>
  </ItemGroup>
  <ItemGroup>
    <ClInclude Include="ShemiXitong.h">
      <Filter>头文件</Filter>
    </ClInclude>
    <ClInclude Include="ShemiXitongDlg.h">
      <Filter>头文件</Filter>
    </ClInclude>
    <ClInclude Include="stdafx.h">
      <Filter>头文件</Filter>
    </ClInclude>
    <ClInclude Include="targetver.h">
      <Filter>头文件</Filter>
    </ClInclude>
    <ClInclude Include="Resource.h">
      <Filter>头文件</Filter>
    </ClInclude>
    <ClInclude Include="HelpDlg.h">
      <Filter>头文件</Filter>
    </ClInclude>
    <ClInclude Include="LookUpDlg.h">
      <Filter>头文件</Filter>
    </ClInclude>
    <ClInclude Include="TaskDlg.h">
      <Filter>头文件</Filter>
    </ClInclude>
    <ClInclude Include="WordNetDlg.h">
      <Filter>头文件</Filter>
    </ClInclude>
    <ClInclude Include="AC_BH.h">
      <Filter>头文件</Filter>
    </ClInclude>
    <ClInclude Include="ModifyWordNet.h">
      <Filter>头文件</Filter>
    </ClInclude>
    <ClInclude Include="ADOConn.h">
      <Filter>头文件</Filter>
    </ClInclude>
    <ClInclude Include="MD5.h">
      <Filter>头文件</Filter>
    </ClInclude>
    <ClInclude Include="WordAutomation.h">
      <Filter>头文件</Filter>
    </ClInclude>
    <ClInclude Include="EzWordAutomation.h">
      <Filter>头文件</Filter>
    </ClInclude>
    <ClInclude Include="SearchDlg.h">
      <Filter>头文件</Filter>
    </ClInclude>
    <ClInclude Include="CApplication.h">
      <Filter>头文件</Filter>
    </ClInclude>
    <ClInclude Include="CDocument0.h">
      <Filter>头文件</Filter>
    </ClInclude>
    <ClInclude Include="CDocuments.h">
      <Filter>头文件</Filter>
    </ClInclude>
    <ClInclude Include="CRange.h">
      <Filter>头文件</Filter>
    </ClInclude>
    <ClInclude Include="CApplication0.h">
      <Filter>头文件</Filter>
    </ClInclude>
    <ClInclude Include="CWorkbook.h">
      <Filter>头文件</Filter>
    </ClInclude>
    <ClInclude Include="CWorksheet.h">
      <Filter>头文件</Filter>
    </ClInclude>
    <ClInclude Include="CWorkbooks.h">
      <Filter>头文件</Filter>
    </ClInclude>
    <ClInclude Include="CWorksheets.h">
      <Filter>头文件</Filter>
    </ClInclude>
    <ClInclude Include="CRange0.h">
      <Filter>头文件</Filter>
    </ClInclude>
    <ClInclude Include="CApplication1.h">
      <Filter>头文件</Filter>
    </ClInclude>
    <ClInclude Include="CPresentation.h">
      <Filter>头文件</Filter>
    </ClInclude>
    <ClInclude Include="CSlide.h">
      <Filter>头文件</Filter>
    </ClInclude>
    <ClInclude Include="CPresentations.h">
      <Filter>头文件</Filter>
    </ClInclude>
    <ClInclude Include="CSlides.h">
      <Filter>头文件</Filter>
    </ClInclude>
    <ClInclude Include="CShape.h">
      <Filter>头文件</Filter>
    </ClInclude>
    <ClInclude Include="CTextFrame.h">
      <Filter>头文件</Filter>
    </ClInclude>
    <ClInclude Include="CTextRange.h">
      <Filter>头文件</Filter>
    </ClInclude>
    <ClInclude Include="CShapes.h">
      <Filter>头文件</Filter>
    </ClInclude>
  </ItemGroup>
  <ItemGroup>
    <ClCompile Include="ShemiXitong.cpp">
      <Filter>源文件</Filter>
    </ClCompile>
    <ClCompile Include="ShemiXitongDlg.cpp">
      <Filter>源文件</Filter>
    </ClCompile>
    <ClCompile Include="stdafx.cpp">
      <Filter>源文件</Filter>
    </ClCompile>
    <ClCompile Include="HelpDlg.cpp">
      <Filter>源文件</Filter>
    </ClCompile>
    <ClCompile Include="LookUpDlg.cpp">
      <Filter>源文件</Filter>
    </ClCompile>
    <ClCompile Include="TaskDlg.cpp">
      <Filter>源文件</Filter>
    </ClCompile>
    <ClCompile Include="WordNetDlg.cpp">
      <Filter>源文件</Filter>
    </ClCompile>
    <ClCompile Include="AC_BH.cpp">
      <Filter>源文件</Filter>
    </ClCompile>
    <ClCompile Include="ModifyWordNet.cpp">
      <Filter>源文件</Filter>
    </ClCompile>
    <ClCompile Include="ADOConn.cpp">
      <Filter>源文件</Filter>
    </ClCompile>
    <ClCompile Include="MD5.cpp">
      <Filter>源文件</Filter>
    </ClCompile>
    <ClCompile Include="WordAutomation.cpp">
      <Filter>源文件</Filter>
    </ClCompile>
    <ClCompile Include="EzWordAutomation.cpp">
      <Filter>源文件</Filter>
    </ClCompile>
    <ClCompile Include="SearchDlg.cpp">
      <Filter>源文件</Filter>
    </ClCompile>
  </ItemGroup>
  <ItemGroup>
    <ResourceCompile Include="ShemiXitong.rc">
      <Filter>资源文件</Filter>
    </ResourceCompile>
  </ItemGroup>
</Project>